
Microsoft Visual Studio Solution File, Format Version 12.00
# Visual Studio 15
VisualStudioVersion = 15.0.28307.168
MinimumVisualStudioVersion = 10.0.40219.1
Project("{FAE04EC0-301F-11D3-BF4B-00C04F79EFBC}") = "PictureManipulation", "PictureManipulation\PictureManipulation.csproj", "{FB86016A-831E-494B-B198-CAAEC73449B2}"
EndProject
Global
	GlobalSection(SolutionConfigurationPlatforms) = preSolution
		Debug|Any CPU = Debug|Any CPU
		Release|Any CPU = Release|Any CPU
	EndGlobalSection
	GlobalSection(ProjectConfigurationPlatforms) = postSolution
		{FB86016A-831E-494B-B198-CAAEC73449B2}.Debug|Any CPU.ActiveCfg = Debug|Any CPU
		{FB86016A-831E-494B-B198-CAAEC73449B2}.Debug|Any CPU.Build.0 = Debug|Any CPU
		{FB86016A-831E-494B-B198-CAAEC73449B2}.Release|Any CPU.ActiveCfg = Release|Any CPU
		{FB86016A-831E-494B-B198-CAAEC73449B2}.Release|Any CPU.Build.0 = Release|Any CPU
	EndGlobalSection
	GlobalSection(SolutionProperties) = preSolution
		HideSolutionNode = FALSE
	EndGlobalSection
	GlobalSection(ExtensibilityGlobals) = postSolution
		SolutionGuid = {03DE1532-A57A-41D6-93D1-8B384A221AD0}
	EndGlobalSection
EndGlobal
